
Microsoft Visual Studio Solution File, Format Version 12.00
# Visual Studio Version 17
VisualStudioVersion = 17.14.36202.13
MinimumVisualStudioVersion = 10.0.40219.1
Project("{FAE04EC0-301F-11D3-BF4B-00C04F79EFBC}") = "AzureOpenAI", "AzureOpenAI\AzureOpenAI.csproj", "{0BFA8438-5153-4FBC-ACE4-E5E3B06AC7FC}"
EndProject
Project("{FAE04EC0-301F-11D3-BF4B-00C04F79EFBC}") = "MySemanticKernelApp", "SemanticKernel\MySemanticKernelApp.csproj", "{09F04390-3C1F-4356-B67D-C20EE09C65FE}"
EndProject
Global
	GlobalSection(SolutionConfigurationPlatforms) = preSolution
		Debug|Any CPU = Debug|Any CPU
		Release|Any CPU = Release|Any CPU
	EndGlobalSection
	GlobalSection(ProjectConfigurationPlatforms) = postSolution
		{0BFA8438-5153-4FBC-ACE4-E5E3B06AC7FC}.Debug|Any CPU.ActiveCfg = Debug|Any CPU
		{0BFA8438-5153-4FBC-ACE4-E5E3B06AC7FC}.Debug|Any CPU.Build.0 = Debug|Any CPU
		{0BFA8438-5153-4FBC-ACE4-E5E3B06AC7FC}.Release|Any CPU.ActiveCfg = Release|Any CPU
		{0BFA8438-5153-4FBC-ACE4-E5E3B06AC7FC}.Release|Any CPU.Build.0 = Release|Any CPU
		{09F04390-3C1F-4356-B67D-C20EE09C65FE}.Debug|Any CPU.ActiveCfg = Debug|Any CPU
		{09F04390-3C1F-4356-B67D-C20EE09C65FE}.Debug|Any CPU.Build.0 = Debug|Any CPU
		{09F04390-3C1F-4356-B67D-C20EE09C65FE}.Release|Any CPU.ActiveCfg = Release|Any CPU
		{09F04390-3C1F-4356-B67D-C20EE09C65FE}.Release|Any CPU.Build.0 = Release|Any CPU
	EndGlobalSection
	GlobalSection(SolutionProperties) = preSolution
		HideSolutionNode = FALSE
	EndGlobalSection
	GlobalSection(ExtensibilityGlobals) = postSolution
		SolutionGuid = {796004BE-C549-4E1F-A9CA-0AEC126A926A}
	EndGlobalSection
EndGlobal
